
Microsoft Visual Studio Solution File, Format Version 12.00
# Visual Studio Version 16
VisualStudioVersion = 16.0.30128.74
MinimumVisualStudioVersion = 10.0.40219.1
Project("{FAE04EC0-301F-11D3-BF4B-00C04F79EFBC}") = "HotelDB", "HotelDB\HotelDB.csproj", "{90B34459-27ED-4874-B879-7B4D04F399C1}"
EndProject
Global
	GlobalSection(SolutionConfigurationPlatforms) = preSolution
		Debug|Any CPU = Debug|Any CPU
		Release|Any CPU = Release|Any CPU
	EndGlobalSection
	GlobalSection(ProjectConfigurationPlatforms) = postSolution
		{90B34459-27ED-4874-B879-7B4D04F399C1}.Debug|Any CPU.ActiveCfg = Debug|Any CPU
		{90B34459-27ED-4874-B879-7B4D04F399C1}.Debug|Any CPU.Build.0 = Debug|Any CPU
		{90B34459-27ED-4874-B879-7B4D04F399C1}.Release|Any CPU.ActiveCfg = Release|Any CPU
		{90B34459-27ED-4874-B879-7B4D04F399C1}.Release|Any CPU.Build.0 = Release|Any CPU
	EndGlobalSection
	GlobalSection(SolutionProperties) = preSolution
		HideSolutionNode = FALSE
	EndGlobalSection
	GlobalSection(ExtensibilityGlobals) = postSolution
		SolutionGuid = {0FB9D586-0951-449A-814A-1EBEEFBC578E}
	EndGlobalSection
EndGlobal
